
Microsoft Visual Studio Solution File, Format Version 12.00
# Visual Studio 15
VisualStudioVersion = 15.0.28307.1300
MinimumVisualStudioVersion = 10.0.40219.1
Project("{FAE04EC0-301F-11D3-BF4B-00C04F79EFBC}") = "WpfApp1", "WpfApp1\WpfApp1.csproj", "{59BA9610-D2D9-4A77-B1D9-C312EC065D3D}"
EndProject
Global
	GlobalSection(SolutionConfigurationPlatforms) = preSolution
		Debug|Any CPU = Debug|Any CPU
		Release|Any CPU = Release|Any CPU
	EndGlobalSection
	GlobalSection(ProjectConfigurationPlatforms) = postSolution
		{59BA9610-D2D9-4A77-B1D9-C312EC065D3D}.Debug|Any CPU.ActiveCfg = Debug|Any CPU
		{59BA9610-D2D9-4A77-B1D9-C312EC065D3D}.Debug|Any CPU.Build.0 = Debug|Any CPU
		{59BA9610-D2D9-4A77-B1D9-C312EC065D3D}.Release|Any CPU.ActiveCfg = Release|Any CPU
		{59BA9610-D2D9-4A77-B1D9-C312EC065D3D}.Release|Any CPU.Build.0 = Release|Any CPU
	EndGlobalSection
	GlobalSection(SolutionProperties) = preSolution
		HideSolutionNode = FALSE
	EndGlobalSection
	GlobalSection(ExtensibilityGlobals) = postSolution
		SolutionGuid = {F5319CAC-24F3-4298-A3E3-51977075FBF0}
	EndGlobalSection
EndGlobal
